
Microsoft Visual Studio Solution File, Format Version 12.00
# Visual Studio 15
Project("{FAE04EC0-301F-11D3-BF4B-00C04F79EFBC}") = "LsTraining602.Android", "LsTraining602.Android\LsTraining602.Android.csproj", "{277B5D59-E935-41D4-AEF6-BF78841C2EBA}"
EndProject
Project("{FAE04EC0-301F-11D3-BF4B-00C04F79EFBC}") = "LsTraining602.iOS", "LsTraining602.iOS\LsTraining602.iOS.csproj", "{04D13363-26F3-44BC-8D02-FFB2409F6049}"
EndProject
Project("{FAE04EC0-301F-11D3-BF4B-00C04F79EFBC}") = "LsTraining602", "LsTraining602\LsTraining602.csproj", "{55A0C416-687B-41DE-8ED1-CB6388824597}"
EndProject
Global
	GlobalSection(SolutionConfigurationPlatforms) = preSolution
		Debug|Any CPU = Debug|Any CPU
		Release|Any CPU = Release|Any CPU
		Debug|iPhoneSimulator = Debug|iPhoneSimulator
		Release|iPhoneSimulator = Release|iPhoneSimulator
		Debug|iPhone = Debug|iPhone
		Release|iPhone = Release|iPhone
	EndGlobalSection
	GlobalSection(ProjectConfigurationPlatforms) = postSolution
		{277B5D59-E935-41D4-AEF6-BF78841C2EBA}.Debug|Any CPU.ActiveCfg = Debug|Any CPU
		{277B5D59-E935-41D4-AEF6-BF78841C2EBA}.Debug|Any CPU.Build.0 = Debug|Any CPU
		{277B5D59-E935-41D4-AEF6-BF78841C2EBA}.Release|Any CPU.ActiveCfg = Release|Any CPU
		{277B5D59-E935-41D4-AEF6-BF78841C2EBA}.Release|Any CPU.Build.0 = Release|Any CPU
		{277B5D59-E935-41D4-AEF6-BF78841C2EBA}.Debug|iPhoneSimulator.ActiveCfg = Debug|Any CPU
		{277B5D59-E935-41D4-AEF6-BF78841C2EBA}.Debug|iPhoneSimulator.Build.0 = Debug|Any CPU
		{277B5D59-E935-41D4-AEF6-BF78841C2EBA}.Release|iPhoneSimulator.ActiveCfg = Release|Any CPU
		{277B5D59-E935-41D4-AEF6-BF78841C2EBA}.Release|iPhoneSimulator.Build.0 = Release|Any CPU
		{277B5D59-E935-41D4-AEF6-BF78841C2EBA}.Debug|iPhone.ActiveCfg = Debug|Any CPU
		{277B5D59-E935-41D4-AEF6-BF78841C2EBA}.Debug|iPhone.Build.0 = Debug|Any CPU
		{277B5D59-E935-41D4-AEF6-BF78841C2EBA}.Release|iPhone.ActiveCfg = Release|Any CPU
		{277B5D59-E935-41D4-AEF6-BF78841C2EBA}.Release|iPhone.Build.0 = Release|Any CPU
		{04D13363-26F3-44BC-8D02-FFB2409F6049}.Debug|Any CPU.ActiveCfg = Debug|iPhoneSimulator
		{04D13363-26F3-44BC-8D02-FFB2409F6049}.Debug|Any CPU.Build.0 = Debug|iPhoneSimulator
		{04D13363-26F3-44BC-8D02-FFB2409F6049}.Release|Any CPU.ActiveCfg = Release|iPhoneSimulator
		{04D13363-26F3-44BC-8D02-FFB2409F6049}.Release|Any CPU.Build.0 = Release|iPhoneSimulator
		{04D13363-26F3-44BC-8D02-FFB2409F6049}.Debug|iPhoneSimulator.ActiveCfg = Debug|iPhoneSimulator
		{04D13363-26F3-44BC-8D02-FFB2409F6049}.Debug|iPhoneSimulator.Build.0 = Debug|iPhoneSimulator
		{04D13363-26F3-44BC-8D02-FFB2409F6049}.Release|iPhoneSimulator.ActiveCfg = Release|iPhoneSimulator
		{04D13363-26F3-44BC-8D02-FFB2409F6049}.Release|iPhoneSimulator.Build.0 = Release|iPhoneSimulator
		{04D13363-26F3-44BC-8D02-FFB2409F6049}.Debug|iPhone.ActiveCfg = Debug|iPhone
		{04D13363-26F3-44BC-8D02-FFB2409F6049}.Debug|iPhone.Build.0 = Debug|iPhone
		{04D13363-26F3-44BC-8D02-FFB2409F6049}.Release|iPhone.ActiveCfg = Release|iPhone
		{04D13363-26F3-44BC-8D02-FFB2409F6049}.Release|iPhone.Build.0 = Release|iPhone
		{55A0C416-687B-41DE-8ED1-CB6388824597}.Debug|Any CPU.ActiveCfg = Debug|Any CPU
		{55A0C416-687B-41DE-8ED1-CB6388824597}.Debug|Any CPU.Build.0 = Debug|Any CPU
		{55A0C416-687B-41DE-8ED1-CB6388824597}.Release|Any CPU.ActiveCfg = Release|Any CPU
		{55A0C416-687B-41DE-8ED1-CB6388824597}.Release|Any CPU.Build.0 = Release|Any CPU
		{55A0C416-687B-41DE-8ED1-CB6388824597}.Debug|iPhoneSimulator.ActiveCfg = Debug|Any CPU
		{55A0C416-687B-41DE-8ED1-CB6388824597}.Debug|iPhoneSimulator.Build.0 = Debug|Any CPU
		{55A0C416-687B-41DE-8ED1-CB6388824597}.Release|iPhoneSimulator.ActiveCfg = Release|Any CPU
		{55A0C416-687B-41DE-8ED1-CB6388824597}.Release|iPhoneSimulator.Build.0 = Release|Any CPU
		{55A0C416-687B-41DE-8ED1-CB6388824597}.Debug|iPhone.ActiveCfg = Debug|Any CPU
		{55A0C416-687B-41DE-8ED1-CB6388824597}.Debug|iPhone.Build.0 = Debug|Any CPU
		{55A0C416-687B-41DE-8ED1-CB6388824597}.Release|iPhone.ActiveCfg = Release|Any CPU
		{55A0C416-687B-41DE-8ED1-CB6388824597}.Release|iPhone.Build.0 = Release|Any CPU
	EndGlobalSection
EndGlobal
